
Microsoft Visual Studio Solution File, Format Version 12.00
# Visual Studio Version 16
VisualStudioVersion = 16.0.31321.278
MinimumVisualStudioVersion = 10.0.40219.1
Project("{2150E333-8FDC-42A3-9474-1A3956D46DE8}") = "Microservices", "Microservices", "{D60C2C41-2BB2-424A-A5A8-7529B70A714A}"
EndProject
Project("{2150E333-8FDC-42A3-9474-1A3956D46DE8}") = "Jira", "Jira", "{2DE4A576-B6E3-4855-A0AB-6397D55FDD9C}"
EndProject
Project("{2150E333-8FDC-42A3-9474-1A3956D46DE8}") = "Integrated", "Integrated", "{7D5E3CA8-E7D0-4587-A7D7-C64AED937411}"
EndProject
Project("{2150E333-8FDC-42A3-9474-1A3956D46DE8}") = "ReportVisualization", "ReportVisualization", "{DC7C59F5-9E10-4189-88EC-3983574ECD44}"
EndProject
Project("{2150E333-8FDC-42A3-9474-1A3956D46DE8}") = "Api", "Api", "{9238D3F7-C3C3-4EA3-909B-8D06F116BBAA}"
EndProject
Project("{FAE04EC0-301F-11D3-BF4B-00C04F79EFBC}") = "MicroService.Jira.Integrated.Api", "MicroService.Jira.Integrated.Api\MicroService.Jira.Integrated.Api.csproj", "{C8A6BADA-A786-4D6A-A7BF-C7EB380CFCD2}"
EndProject
Global
	GlobalSection(SolutionConfigurationPlatforms) = preSolution
		Debug|Any CPU = Debug|Any CPU
		Release|Any CPU = Release|Any CPU
	EndGlobalSection
	GlobalSection(ProjectConfigurationPlatforms) = postSolution
		{C8A6BADA-A786-4D6A-A7BF-C7EB380CFCD2}.Debug|Any CPU.ActiveCfg = Debug|Any CPU
		{C8A6BADA-A786-4D6A-A7BF-C7EB380CFCD2}.Debug|Any CPU.Build.0 = Debug|Any CPU
		{C8A6BADA-A786-4D6A-A7BF-C7EB380CFCD2}.Release|Any CPU.ActiveCfg = Release|Any CPU
		{C8A6BADA-A786-4D6A-A7BF-C7EB380CFCD2}.Release|Any CPU.Build.0 = Release|Any CPU
	EndGlobalSection
	GlobalSection(SolutionProperties) = preSolution
		HideSolutionNode = FALSE
	EndGlobalSection
	GlobalSection(NestedProjects) = preSolution
		{2DE4A576-B6E3-4855-A0AB-6397D55FDD9C} = {D60C2C41-2BB2-424A-A5A8-7529B70A714A}
		{7D5E3CA8-E7D0-4587-A7D7-C64AED937411} = {2DE4A576-B6E3-4855-A0AB-6397D55FDD9C}
		{DC7C59F5-9E10-4189-88EC-3983574ECD44} = {2DE4A576-B6E3-4855-A0AB-6397D55FDD9C}
		{9238D3F7-C3C3-4EA3-909B-8D06F116BBAA} = {7D5E3CA8-E7D0-4587-A7D7-C64AED937411}
		{C8A6BADA-A786-4D6A-A7BF-C7EB380CFCD2} = {9238D3F7-C3C3-4EA3-909B-8D06F116BBAA}
	EndGlobalSection
	GlobalSection(ExtensibilityGlobals) = postSolution
		SolutionGuid = {493824F9-99A8-4E99-A7EE-1063BEADEF54}
	EndGlobalSection
EndGlobal
